
Microsoft Visual Studio Solution File, Format Version 12.00
# Visual Studio 2017
Project("{FAE04EC0-301F-11D3-BF4B-00C04F79EFBC}") = "Shooter Game.Plugins", "Shooter Game.Plugins.csproj", "{F74022F9-A563-C9CB-8F5C-04C1651E01FF}"
EndProject
Project("{FAE04EC0-301F-11D3-BF4B-00C04F79EFBC}") = "Shooter Game", "Shooter Game.csproj", "{8E5B2BCC-C88A-DCD2-053F-7278A4258C94}"
EndProject
Project("{FAE04EC0-301F-11D3-BF4B-00C04F79EFBC}") = "Shooter Game.Editor.Plugins", "Shooter Game.Editor.Plugins.csproj", "{999599A8-1C1B-2B16-49D6-C9D9D128444C}"
EndProject
Global
	GlobalSection(SolutionConfigurationPlatforms) = preSolution
		Debug|Any CPU = Debug|Any CPU
		Release|Any CPU = Release|Any CPU
	EndGlobalSection
	GlobalSection(ProjectConfigurationPlatforms) = postSolution
		{F74022F9-A563-C9CB-8F5C-04C1651E01FF}.Debug|Any CPU.ActiveCfg = Debug|Any CPU
		{F74022F9-A563-C9CB-8F5C-04C1651E01FF}.Debug|Any CPU.Build.0 = Debug|Any CPU
		{F74022F9-A563-C9CB-8F5C-04C1651E01FF}.Release|Any CPU.ActiveCfg = Release|Any CPU
		{F74022F9-A563-C9CB-8F5C-04C1651E01FF}.Release|Any CPU.Build.0 = Release|Any CPU
		{8E5B2BCC-C88A-DCD2-053F-7278A4258C94}.Debug|Any CPU.ActiveCfg = Debug|Any CPU
		{8E5B2BCC-C88A-DCD2-053F-7278A4258C94}.Debug|Any CPU.Build.0 = Debug|Any CPU
		{8E5B2BCC-C88A-DCD2-053F-7278A4258C94}.Release|Any CPU.ActiveCfg = Release|Any CPU
		{8E5B2BCC-C88A-DCD2-053F-7278A4258C94}.Release|Any CPU.Build.0 = Release|Any CPU
		{999599A8-1C1B-2B16-49D6-C9D9D128444C}.Debug|Any CPU.ActiveCfg = Debug|Any CPU
		{999599A8-1C1B-2B16-49D6-C9D9D128444C}.Debug|Any CPU.Build.0 = Debug|Any CPU
		{999599A8-1C1B-2B16-49D6-C9D9D128444C}.Release|Any CPU.ActiveCfg = Release|Any CPU
		{999599A8-1C1B-2B16-49D6-C9D9D128444C}.Release|Any CPU.Build.0 = Release|Any CPU
	EndGlobalSection
	GlobalSection(SolutionProperties) = preSolution
		HideSolutionNode = FALSE
	EndGlobalSection
EndGlobal
