
Microsoft Visual Studio Solution File, Format Version 12.00
# Visual Studio 2017
Project("{FAE04EC0-301F-11D3-BF4B-00C04F79EFBC}") = "Shooter Game", "Shooter Game.csproj", "{8E5B2BCC-C88A-DCD2-053F-7278A4258C94}"
EndProject
Project("{FAE04EC0-301F-11D3-BF4B-00C04F79EFBC}") = "Shooter Game.Editor", "Shooter Game.Editor.csproj", "{B21E189B-405B-C61E-48F4-440C4BC8413F}"
EndProject
Global
	GlobalSection(SolutionConfigurationPlatforms) = preSolution
		Debug|Any CPU = Debug|Any CPU
		Release|Any CPU = Release|Any CPU
	EndGlobalSection
	GlobalSection(ProjectConfigurationPlatforms) = postSolution
		{8E5B2BCC-C88A-DCD2-053F-7278A4258C94}.Debug|Any CPU.ActiveCfg = Debug|Any CPU
		{8E5B2BCC-C88A-DCD2-053F-7278A4258C94}.Debug|Any CPU.Build.0 = Debug|Any CPU
		{8E5B2BCC-C88A-DCD2-053F-7278A4258C94}.Release|Any CPU.ActiveCfg = Release|Any CPU
		{8E5B2BCC-C88A-DCD2-053F-7278A4258C94}.Release|Any CPU.Build.0 = Release|Any CPU
		{B21E189B-405B-C61E-48F4-440C4BC8413F}.Debug|Any CPU.ActiveCfg = Debug|Any CPU
		{B21E189B-405B-C61E-48F4-440C4BC8413F}.Debug|Any CPU.Build.0 = Debug|Any CPU
		{B21E189B-405B-C61E-48F4-440C4BC8413F}.Release|Any CPU.ActiveCfg = Release|Any CPU
		{B21E189B-405B-C61E-48F4-440C4BC8413F}.Release|Any CPU.Build.0 = Release|Any CPU
	EndGlobalSection
	GlobalSection(SolutionProperties) = preSolution
		HideSolutionNode = FALSE
	EndGlobalSection
EndGlobal
